
Microsoft Visual Studio Solution File, Format Version 12.00
# Visual Studio Version 17
VisualStudioVersion = 17.0.31903.59
MinimumVisualStudioVersion = 10.0.40219.1
Project("{2150E333-8FDC-42A3-9474-1A3956D46DE8}") = "src", "src", "{7A24A3FC-D262-40DC-94A9-80468012B8D1}"
EndProject
Project("{2150E333-8FDC-42A3-9474-1A3956D46DE8}") = "Gateway", "Gateway", "{58F23D32-890F-4B3C-B3D7-0CBFF6D4FAB3}"
EndProject
Project("{9A19103F-16F7-4668-BE54-9A1E7A4F7556}") = "Portfolio.Gateway", "src\Gateway\Portfolio.Gateway\Portfolio.Gateway.csproj", "{58589E77-B0A7-49D9-9BC6-9363BA1B0AB0}"
EndProject
Project("{2150E333-8FDC-42A3-9474-1A3956D46DE8}") = "Services", "Services", "{EC3324FE-52EF-4BC1-B8B6-48B4B799EEEB}"
EndProject
Project("{9A19103F-16F7-4668-BE54-9A1E7A4F7556}") = "Portfolio.Auth.API", "src\Services\Portfolio.Auth.API\Portfolio.Auth.API.csproj", "{9498D78D-24CD-4A34-BE6F-6F7EB88184E6}"
EndProject
Project("{9A19103F-16F7-4668-BE54-9A1E7A4F7556}") = "Portfolio.Profile.API", "src\Services\Portfolio.Profile.API\Portfolio.Profile.API.csproj", "{6246C93D-F1B4-4692-8585-85B67B64A849}"
EndProject
Project("{9A19103F-16F7-4668-BE54-9A1E7A4F7556}") = "Portfolio.Projects.API", "src\Services\Portfolio.Projects.API\Portfolio.Projects.API.csproj", "{DD65C025-8F58-4CFE-AAE9-C6FF33E0D596}"
EndProject
Project("{9A19103F-16F7-4668-BE54-9A1E7A4F7556}") = "Portfolio.Skills.API", "src\Services\Portfolio.Skills.API\Portfolio.Skills.API.csproj", "{FAA49B8F-153D-47B0-ABEE-FA7D2941CB5A}"
EndProject
Project("{9A19103F-16F7-4668-BE54-9A1E7A4F7556}") = "Portfolio.Contact.API", "src\Services\Portfolio.Contact.API\Portfolio.Contact.API.csproj", "{425B3BD4-25FA-4B73-B39B-CE8B9A766C89}"
EndProject
Project("{2150E333-8FDC-42A3-9474-1A3956D46DE8}") = "Shared", "Shared", "{5C073151-CE5E-40F4-BE98-3CFF3D58385D}"
EndProject
Project("{9A19103F-16F7-4668-BE54-9A1E7A4F7556}") = "Portfolio.Shared.Contracts", "src\Shared\Portfolio.Shared.Contracts\Portfolio.Shared.Contracts.csproj", "{D1061880-BB23-4705-A068-916710AC6DFE}"
EndProject
Project("{9A19103F-16F7-4668-BE54-9A1E7A4F7556}") = "Portfolio.Shared.Infrastructure", "src\Shared\Portfolio.Shared.Infrastructure\Portfolio.Shared.Infrastructure.csproj", "{EB291007-2991-4637-82D4-F178A1C1152C}"
EndProject
Project("{2150E333-8FDC-42A3-9474-1A3956D46DE8}") = "tests", "tests", "{924B3B14-35F7-4E55-9922-CCE1A05D4E78}"
EndProject
Project("{9A19103F-16F7-4668-BE54-9A1E7A4F7556}") = "Portfolio.Auth.Tests", "tests\Portfolio.Auth.Tests\Portfolio.Auth.Tests.csproj", "{29EF66AA-C6AB-42CA-A69D-CC18C136AD73}"
EndProject
Project("{9A19103F-16F7-4668-BE54-9A1E7A4F7556}") = "Portfolio.Contact.Tests", "tests\Portfolio.Contact.Tests\Portfolio.Contact.Tests.csproj", "{1B35B5E1-5266-43D1-8CCF-C5E98644FA04}"
EndProject
Project("{9A19103F-16F7-4668-BE54-9A1E7A4F7556}") = "Portfolio.Profile.Tests", "tests\Portfolio.Profile.Tests\Portfolio.Profile.Tests.csproj", "{390A2434-D8EB-4437-9937-35A241FEAC89}"
EndProject
Project("{9A19103F-16F7-4668-BE54-9A1E7A4F7556}") = "Portfolio.Projects.Tests", "tests\Portfolio.Projects.Tests\Portfolio.Projects.Tests.csproj", "{1B567FCD-A1C3-415F-9D58-E55C7A70AB9E}"
EndProject
Project("{2150E333-8FDC-42A3-9474-1A3956D46DE8}") = "Solution Items", "Solution Items", "{E7C2310C-4E6E-4CA6-8DE5-6BCA340EF8CF}"
	ProjectSection(SolutionItems) = preProject
		azure-pipelines.yml = azure-pipelines.yml
		docker-compose.yml = docker-compose.yml
	EndProjectSection
EndProject
Project("{FAE04EC0-301F-11D3-BF4B-00C04F79EFBC}") = "Portfolio.Experience.API", "src\Services\Portfolio.Experience.API\Portfolio.Experience.API.csproj", "{F990ECFD-B669-439A-9FB4-A7857B32D0F7}"
EndProject
Global
	GlobalSection(SolutionConfigurationPlatforms) = preSolution
		Debug|Any CPU = Debug|Any CPU
		Release|Any CPU = Release|Any CPU
	EndGlobalSection
	GlobalSection(ProjectConfigurationPlatforms) = postSolution
		{58589E77-B0A7-49D9-9BC6-9363BA1B0AB0}.Debug|Any CPU.ActiveCfg = Debug|Any CPU
		{58589E77-B0A7-49D9-9BC6-9363BA1B0AB0}.Debug|Any CPU.Build.0 = Debug|Any CPU
		{58589E77-B0A7-49D9-9BC6-9363BA1B0AB0}.Release|Any CPU.ActiveCfg = Release|Any CPU
		{58589E77-B0A7-49D9-9BC6-9363BA1B0AB0}.Release|Any CPU.Build.0 = Release|Any CPU
		{9498D78D-24CD-4A34-BE6F-6F7EB88184E6}.Debug|Any CPU.ActiveCfg = Debug|Any CPU
		{9498D78D-24CD-4A34-BE6F-6F7EB88184E6}.Debug|Any CPU.Build.0 = Debug|Any CPU
		{9498D78D-24CD-4A34-BE6F-6F7EB88184E6}.Release|Any CPU.ActiveCfg = Release|Any CPU
		{9498D78D-24CD-4A34-BE6F-6F7EB88184E6}.Release|Any CPU.Build.0 = Release|Any CPU
		{6246C93D-F1B4-4692-8585-85B67B64A849}.Debug|Any CPU.ActiveCfg = Debug|Any CPU
		{6246C93D-F1B4-4692-8585-85B67B64A849}.Debug|Any CPU.Build.0 = Debug|Any CPU
		{6246C93D-F1B4-4692-8585-85B67B64A849}.Release|Any CPU.ActiveCfg = Release|Any CPU
		{6246C93D-F1B4-4692-8585-85B67B64A849}.Release|Any CPU.Build.0 = Release|Any CPU
		{DD65C025-8F58-4CFE-AAE9-C6FF33E0D596}.Debug|Any CPU.ActiveCfg = Debug|Any CPU
		{DD65C025-8F58-4CFE-AAE9-C6FF33E0D596}.Debug|Any CPU.Build.0 = Debug|Any CPU
		{DD65C025-8F58-4CFE-AAE9-C6FF33E0D596}.Release|Any CPU.ActiveCfg = Release|Any CPU
		{DD65C025-8F58-4CFE-AAE9-C6FF33E0D596}.Release|Any CPU.Build.0 = Release|Any CPU
		{FAA49B8F-153D-47B0-ABEE-FA7D2941CB5A}.Debug|Any CPU.ActiveCfg = Debug|Any CPU
		{FAA49B8F-153D-47B0-ABEE-FA7D2941CB5A}.Debug|Any CPU.Build.0 = Debug|Any CPU
		{FAA49B8F-153D-47B0-ABEE-FA7D2941CB5A}.Release|Any CPU.ActiveCfg = Release|Any CPU
		{FAA49B8F-153D-47B0-ABEE-FA7D2941CB5A}.Release|Any CPU.Build.0 = Release|Any CPU
		{425B3BD4-25FA-4B73-B39B-CE8B9A766C89}.Debug|Any CPU.ActiveCfg = Debug|Any CPU
		{425B3BD4-25FA-4B73-B39B-CE8B9A766C89}.Debug|Any CPU.Build.0 = Debug|Any CPU
		{425B3BD4-25FA-4B73-B39B-CE8B9A766C89}.Release|Any CPU.ActiveCfg = Release|Any CPU
		{425B3BD4-25FA-4B73-B39B-CE8B9A766C89}.Release|Any CPU.Build.0 = Release|Any CPU
		{D1061880-BB23-4705-A068-916710AC6DFE}.Debug|Any CPU.ActiveCfg = Debug|Any CPU
		{D1061880-BB23-4705-A068-916710AC6DFE}.Debug|Any CPU.Build.0 = Debug|Any CPU
		{D1061880-BB23-4705-A068-916710AC6DFE}.Release|Any CPU.ActiveCfg = Release|Any CPU
		{D1061880-BB23-4705-A068-916710AC6DFE}.Release|Any CPU.Build.0 = Release|Any CPU
		{EB291007-2991-4637-82D4-F178A1C1152C}.Debug|Any CPU.ActiveCfg = Debug|Any CPU
		{EB291007-2991-4637-82D4-F178A1C1152C}.Debug|Any CPU.Build.0 = Debug|Any CPU
		{EB291007-2991-4637-82D4-F178A1C1152C}.Release|Any CPU.ActiveCfg = Release|Any CPU
		{EB291007-2991-4637-82D4-F178A1C1152C}.Release|Any CPU.Build.0 = Release|Any CPU
		{29EF66AA-C6AB-42CA-A69D-CC18C136AD73}.Debug|Any CPU.ActiveCfg = Debug|Any CPU
		{29EF66AA-C6AB-42CA-A69D-CC18C136AD73}.Debug|Any CPU.Build.0 = Debug|Any CPU
		{29EF66AA-C6AB-42CA-A69D-CC18C136AD73}.Release|Any CPU.ActiveCfg = Release|Any CPU
		{29EF66AA-C6AB-42CA-A69D-CC18C136AD73}.Release|Any CPU.Build.0 = Release|Any CPU
		{1B35B5E1-5266-43D1-8CCF-C5E98644FA04}.Debug|Any CPU.ActiveCfg = Debug|Any CPU
		{1B35B5E1-5266-43D1-8CCF-C5E98644FA04}.Debug|Any CPU.Build.0 = Debug|Any CPU
		{1B35B5E1-5266-43D1-8CCF-C5E98644FA04}.Release|Any CPU.ActiveCfg = Release|Any CPU
		{1B35B5E1-5266-43D1-8CCF-C5E98644FA04}.Release|Any CPU.Build.0 = Release|Any CPU
		{390A2434-D8EB-4437-9937-35A241FEAC89}.Debug|Any CPU.ActiveCfg = Debug|Any CPU
		{390A2434-D8EB-4437-9937-35A241FEAC89}.Debug|Any CPU.Build.0 = Debug|Any CPU
		{390A2434-D8EB-4437-9937-35A241FEAC89}.Release|Any CPU.ActiveCfg = Release|Any CPU
		{390A2434-D8EB-4437-9937-35A241FEAC89}.Release|Any CPU.Build.0 = Release|Any CPU
		{1B567FCD-A1C3-415F-9D58-E55C7A70AB9E}.Debug|Any CPU.ActiveCfg = Debug|Any CPU
		{1B567FCD-A1C3-415F-9D58-E55C7A70AB9E}.Debug|Any CPU.Build.0 = Debug|Any CPU
		{1B567FCD-A1C3-415F-9D58-E55C7A70AB9E}.Release|Any CPU.ActiveCfg = Release|Any CPU
		{1B567FCD-A1C3-415F-9D58-E55C7A70AB9E}.Release|Any CPU.Build.0 = Release|Any CPU
		{F990ECFD-B669-439A-9FB4-A7857B32D0F7}.Debug|Any CPU.ActiveCfg = Debug|Any CPU
		{F990ECFD-B669-439A-9FB4-A7857B32D0F7}.Debug|Any CPU.Build.0 = Debug|Any CPU
		{F990ECFD-B669-439A-9FB4-A7857B32D0F7}.Release|Any CPU.ActiveCfg = Release|Any CPU
		{F990ECFD-B669-439A-9FB4-A7857B32D0F7}.Release|Any CPU.Build.0 = Release|Any CPU
	EndGlobalSection
	GlobalSection(SolutionProperties) = preSolution
		HideSolutionNode = FALSE
	EndGlobalSection
	GlobalSection(NestedProjects) = preSolution
		{58F23D32-890F-4B3C-B3D7-0CBFF6D4FAB3} = {7A24A3FC-D262-40DC-94A9-80468012B8D1}
		{58589E77-B0A7-49D9-9BC6-9363BA1B0AB0} = {58F23D32-890F-4B3C-B3D7-0CBFF6D4FAB3}
		{EC3324FE-52EF-4BC1-B8B6-48B4B799EEEB} = {7A24A3FC-D262-40DC-94A9-80468012B8D1}
		{9498D78D-24CD-4A34-BE6F-6F7EB88184E6} = {EC3324FE-52EF-4BC1-B8B6-48B4B799EEEB}
		{6246C93D-F1B4-4692-8585-85B67B64A849} = {EC3324FE-52EF-4BC1-B8B6-48B4B799EEEB}
		{DD65C025-8F58-4CFE-AAE9-C6FF33E0D596} = {EC3324FE-52EF-4BC1-B8B6-48B4B799EEEB}
		{FAA49B8F-153D-47B0-ABEE-FA7D2941CB5A} = {EC3324FE-52EF-4BC1-B8B6-48B4B799EEEB}
		{425B3BD4-25FA-4B73-B39B-CE8B9A766C89} = {EC3324FE-52EF-4BC1-B8B6-48B4B799EEEB}
		{5C073151-CE5E-40F4-BE98-3CFF3D58385D} = {7A24A3FC-D262-40DC-94A9-80468012B8D1}
		{D1061880-BB23-4705-A068-916710AC6DFE} = {5C073151-CE5E-40F4-BE98-3CFF3D58385D}
		{EB291007-2991-4637-82D4-F178A1C1152C} = {5C073151-CE5E-40F4-BE98-3CFF3D58385D}
		{29EF66AA-C6AB-42CA-A69D-CC18C136AD73} = {924B3B14-35F7-4E55-9922-CCE1A05D4E78}
		{1B35B5E1-5266-43D1-8CCF-C5E98644FA04} = {924B3B14-35F7-4E55-9922-CCE1A05D4E78}
		{390A2434-D8EB-4437-9937-35A241FEAC89} = {924B3B14-35F7-4E55-9922-CCE1A05D4E78}
		{1B567FCD-A1C3-415F-9D58-E55C7A70AB9E} = {924B3B14-35F7-4E55-9922-CCE1A05D4E78}
		{F990ECFD-B669-439A-9FB4-A7857B32D0F7} = {EC3324FE-52EF-4BC1-B8B6-48B4B799EEEB}
	EndGlobalSection
	GlobalSection(ExtensibilityGlobals) = postSolution
		SolutionGuid = {9E30617B-C6FD-44D9-8547-305FB6CBBF73}
	EndGlobalSection
EndGlobal
